{
  "name": "msxdevtool-extension",
  "version": "0.0.5",
  "lockfileVersion": 3,
  "requires": true,
  "packages": {
    "": {
      "name": "msxdevtool-extension",
      "version": "0.0.5",
      "license": "GPL-3.0-or-later",
      "dependencies": {
        "detect-libc": "^2.0.3",
        "monaco-editor": "^0.52.2",
        "node-abi": "^3.73.0",
        "node-addon-api": "^8.3.0"
      },
      "devDependencies": {
        "@types/node": "16.x",
        "@types/vscode": "^1.75.0",
        "typescript": "^4.8.0"
      },
      "engines": {
        "vscode": "^1.75.0"
      }
    },
    "node_modules/@types/node": {
      "version": "16.18.122",
      "resolved": "https://registry.npmjs.org/@types/node/-/node-16.18.122.tgz",
      "integrity": "sha512-rF6rUBS80n4oK16EW8nE75U+9fw0SSUgoPtWSvHhPXdT7itbvmS7UjB/jyM8i3AkvI6yeSM5qCwo+xN0npGDHg==",
      "dev": true,
      "license": "MIT"
    },
    "node_modules/@types/vscode": {
      "version": "1.96.0",
      "resolved": "https://registry.npmjs.org/@types/vscode/-/vscode-1.96.0.tgz",
      "integrity": "sha512-qvZbSZo+K4ZYmmDuaodMbAa67Pl6VDQzLKFka6rq+3WUTY4Kro7Bwoi0CuZLO/wema0ygcmpwow7zZfPJTs5jg==",
      "dev": true,
      "license": "MIT"
    },
    "node_modules/detect-libc": {
      "version": "2.0.3",
      "resolved": "https://registry.npmjs.org/detect-libc/-/detect-libc-2.0.3.tgz",
      "integrity": "sha512-bwy0MGW55bG41VqxxypOsdSdGqLwXPI/focwgTYCFMbdUiBAxLg9CFzG08sz2aqzknwiX7Hkl0bQENjg8iLByw==",
      "license": "Apache-2.0",
      "engines": {
        "node": ">=8"
      }
    },
    "node_modules/monaco-editor": {
      "version": "0.52.2",
      "resolved": "https://registry.npmjs.org/monaco-editor/-/monaco-editor-0.52.2.tgz",
      "integrity": "sha512-GEQWEZmfkOGLdd3XK8ryrfWz3AIP8YymVXiPHEdewrUq7mh0qrKrfHLNCXcbB6sTnMLnOZ3ztSiKcciFUkIJwQ==",
      "license": "MIT"
    },
    "node_modules/node-abi": {
      "version": "3.73.0",
      "resolved": "https://registry.npmjs.org/node-abi/-/node-abi-3.73.0.tgz",
      "integrity": "sha512-z8iYzQGBu35ZkTQ9mtR8RqugJZ9RCLn8fv3d7LsgDBzOijGQP3RdKTX4LA7LXw03ZhU5z0l4xfhIMgSES31+cg==",
      "license": "MIT",
      "dependencies": {
        "semver": "^7.3.5"
      },
      "engines": {
        "node": ">=10"
      }
    },
    "node_modules/node-addon-api": {
      "version": "8.3.0",
      "resolved": "https://registry.npmjs.org/node-addon-api/-/node-addon-api-8.3.0.tgz",
      "integrity": "sha512-8VOpLHFrOQlAH+qA0ZzuGRlALRA6/LVh8QJldbrC4DY0hXoMP0l4Acq8TzFC018HztWiRqyCEj2aTWY2UvnJUg==",
      "license": "MIT",
      "engines": {
        "node": "^18 || ^20 || >= 21"
      }
    },
    "node_modules/semver": {
      "version": "7.6.3",
      "resolved": "https://registry.npmjs.org/semver/-/semver-7.6.3.tgz",
      "integrity": "sha512-oVekP1cKtI+CTDvHWYFUcMtsK/00wmAEfyqKfNdARm8u1wNVhSgaX7A8d4UuIlUI5e84iEwOhs7ZPYRmzU9U6A==",
      "license": "ISC",
      "bin": {
        "semver": "bin/semver.js"
      },
      "engines": {
        "node": ">=10"
      }
    },
    "node_modules/typescript": {
      "version": "4.9.5",
      "resolved": "https://registry.npmjs.org/typescript/-/typescript-4.9.5.tgz",
      "integrity": "sha512-1FXk9E2Hm+QzZQ7z+McJiHL4NW1F2EzMu9Nq9i3zAaGqibafqYwCVU6WyWAuyQRRzOlxou8xZSyXLEN8oKj24g==",
      "dev": true,
      "license": "Apache-2.0",
      "bin": {
        "tsc": "bin/tsc",
        "tsserver": "bin/tsserver"
      },
      "engines": {
        "node": ">=4.2.0"
      }
    }
  }
}
